[[package]]
name = "appnope"
version = "0.1.3"
description = "Disable App Nap on macOS >= 10.9"
category = "dev"
optional = false
python-versions = "*"

[[package]]
name = "asttokens"
version = "2.2.0"
description = "Annotate AST trees with source code positions"
category = "dev"
optional = false
python-versions = "*"

[package.dependencies]
six = "*"

[package.extras]
test = ["astroid", "pytest"]

[[package]]
name = "backcall"
version = "0.2.0"
description = "Specifications for callback functions passed in to an API"
category = "dev"
optional = false
python-versions = "*"

[[package]]
name = "colorama"
version = "0.4.6"
description = "Cross-platform colored terminal text."
category = "dev"
optional = false
python-versions = "!=3.0.*,!=3.1.*,!=3.2.*,!=3.3.*,!=3.4.*,!=3.5.*,!=3.6.*,>=2.7"

[[package]]
name = "decorator"
version = "5.1.1"
description = "Decorators for Humans"
category = "dev"
optional = false
python-versions = ">=3.5"

[[package]]
name = "dict-deep"
version = "4.1.2"
description = "Very simple deep_set and deep_get functions to access nested dicts (or any object) using 'dotted strings' as key."
category = "main"
optional = false
python-versions = ">=3.5,<4.0"

[[package]]
name = "executing"
version = "1.2.0"
description = "Get the currently executing AST node of a frame, and other information"
category = "dev"
optional = false
python-versions = "*"

[package.extras]
tests = ["asttokens", "littleutils", "pytest", "rich"]

[[package]]
name = "ipython"
version = "8.7.0"
description = "IPython: Productive Interactive Computing"
category = "dev"
optional = false
python-versions = ">=3.8"

[package.dependencies]
appnope = {version = "*", markers = "sys_platform == \"darwin\""}
backcall = "*"
colorama = {version = "*", markers = "sys_platform == \"win32\""}
decorator = "*"
jedi = ">=0.16"
matplotlib-inline = "*"
pexpect = {version = ">4.3", markers = "sys_platform != \"win32\""}
pickleshare = "*"
prompt-toolkit = ">=3.0.11,<3.1.0"
pygments = ">=2.4.0"
stack-data = "*"
traitlets = ">=5"

[package.extras]
all = ["black", "curio", "docrepr", "ipykernel", "ipyparallel", "ipywidgets", "matplotlib", "matplotlib (!=3.2.0)", "nbconvert", "nbformat", "notebook", "numpy (>=1.20)", "pandas", "pytest (<7)", "pytest (<7.1)", "pytest-asyncio", "qtconsole", "setuptools (>=18.5)", "sphinx (>=1.3)", "sphinx-rtd-theme", "stack-data", "testpath", "trio", "typing-extensions"]
black = ["black"]
doc = ["docrepr", "ipykernel", "matplotlib", "pytest (<7)", "pytest (<7.1)", "pytest-asyncio", "setuptools (>=18.5)", "sphinx (>=1.3)", "sphinx-rtd-theme", "stack-data", "testpath", "typing-extensions"]
kernel = ["ipykernel"]
nbconvert = ["nbconvert"]
nbformat = ["nbformat"]
notebook = ["ipywidgets", "notebook"]
parallel = ["ipyparallel"]
qtconsole = ["qtconsole"]
test = ["pytest (<7.1)", "pytest-asyncio", "testpath"]
test-extra = ["curio", "matplotlib (!=3.2.0)", "nbformat", "numpy (>=1.20)", "pandas", "pytest (<7.1)", "pytest-asyncio", "testpath", "trio"]

[[package]]
name = "jedi"
version = "0.18.2"
description = "An autocompletion tool for Python that can be used for text editors."
category = "dev"
optional = false
python-versions = ">=3.6"

[package.dependencies]
parso = ">=0.8.0,<0.9.0"

[package.extras]
docs = ["Jinja2 (==2.11.3)", "MarkupSafe (==1.1.1)", "Pygments (==2.8.1)", "alabaster (==0.7.12)", "babel (==2.9.1)", "chardet (==4.0.0)", "commonmark (==0.8.1)", "docutils (==0.17.1)", "future (==0.18.2)", "idna (==2.10)", "imagesize (==1.2.0)", "mock (==1.0.1)", "packaging (==20.9)", "pyparsing (==2.4.7)", "pytz (==2021.1)", "readthedocs-sphinx-ext (==2.1.4)", "recommonmark (==0.5.0)", "requests (==2.25.1)", "six (==1.15.0)", "snowballstemmer (==2.1.0)", "sphinx (==1.8.5)", "sphinx-rtd-theme (==0.4.3)", "sphinxcontrib-serializinghtml (==1.1.4)", "sphinxcontrib-websupport (==1.2.4)", "urllib3 (==1.26.4)"]
qa = ["flake8 (==3.8.3)", "mypy (==0.782)"]
testing = ["Django (<3.1)", "attrs", "colorama", "docopt", "pytest (<7.0.0)"]

[[package]]
name = "matplotlib-inline"
version = "0.1.6"
description = "Inline Matplotlib backend for Jupyter"
category = "dev"
optional = false
python-versions = ">=3.5"

[package.dependencies]
traitlets = "*"

[[package]]
name = "parso"
version = "0.8.3"
description = "A Python Parser"
category = "dev"
optional = false
python-versions = ">=3.6"

[package.extras]
qa = ["flake8 (==3.8.3)", "mypy (==0.782)"]
testing = ["docopt", "pytest (<6.0.0)"]

[[package]]
name = "pexpect"
version = "4.8.0"
description = "Pexpect allows easy control of interactive console applications."
category = "dev"
optional = false
python-versions = "*"

[package.dependencies]
ptyprocess = ">=0.5"

[[package]]
name = "pickleshare"
version = "0.7.5"
description = "Tiny 'shelve'-like database with concurrency support"
category = "dev"
optional = false
python-versions = "*"

[[package]]
name = "prompt-toolkit"
version = "3.0.33"
description = "Library for building powerful interactive command lines in Python"
category = "dev"
optional = false
python-versions = ">=3.6.2"

[package.dependencies]
wcwidth = "*"

[[package]]
name = "ptyprocess"
version = "0.7.0"
description = "Run a subprocess in a pseudo terminal"
category = "dev"
optional = false
python-versions = "*"

[[package]]
name = "pure-eval"
version = "0.2.2"
description = "Safely evaluate AST nodes without side effects"
category = "dev"
optional = false
python-versions = "*"

[package.extras]
tests = ["pytest"]

[[package]]
name = "pygments"
version = "2.13.0"
description = "Pygments is a syntax highlighting package written in Python."
category = "dev"
optional = false
python-versions = ">=3.6"

[package.extras]
plugins = ["importlib-metadata"]

[[package]]
name = "python-dotenv"
version = "0.21.0"
description = "Read key-value pairs from a .env file and set them as environment variables"
category = "main"
optional = false
python-versions = ">=3.7"

[package.extras]
cli = ["click (>=5.0)"]

[[package]]
name = "rtoml"
version = "0.9.0"
description = ""
category = "main"
optional = false
python-versions = ">=3.7"

[[package]]
name = "six"
version = "1.16.0"
description = "Python 2 and 3 compatibility utilities"
category = "dev"
optional = false
python-versions = ">=2.7, !=3.0.*, !=3.1.*, !=3.2.*"

[[package]]
name = "stack-data"
version = "0.6.2"
description = "Extract data from python stack frames and tracebacks for informative displays"
category = "dev"
optional = false
python-versions = "*"

[package.dependencies]
asttokens = ">=2.1.0"
executing = ">=1.2.0"
pure-eval = "*"

[package.extras]
tests = ["cython", "littleutils", "pygments", "pytest", "typeguard"]

[[package]]
name = "traitlets"
version = "5.6.0"
description = "Traitlets Python configuration system"
category = "dev"
optional = false
python-versions = ">=3.7"

[package.extras]
docs = ["myst-parser", "pydata-sphinx-theme", "sphinx"]
test = ["pre-commit", "pytest"]

[[package]]
name = "wcwidth"
version = "0.2.5"
description = "Measures the displayed width of unicode strings in a terminal"
category = "dev"
optional = false
python-versions = "*"

[metadata]
lock-version = "1.1"
python-versions = "^3.10"
content-hash = "ee6b9113d73d1f0785bcb55360f67004a5271a1c86bce7cf91451bc27be73189"

[metadata.files]
appnope = [
    {file = "appnope-0.1.3-py2.py3-none-any.whl", hash = "sha256:265a455292d0bd8a72453494fa24df5a11eb18373a60c7c0430889f22548605e"},
    {file = "appnope-0.1.3.tar.gz", hash = "sha256:02bd91c4de869fbb1e1c50aafc4098827a7a54ab2f39d9dcba6c9547ed920e24"},
]
asttokens = [
    {file = "asttokens-2.2.0-py2.py3-none-any.whl", hash = "sha256:c56caef774a929923696f09ceea0eadcb95c94b30e8ee4f9fc4f5867096caaeb"},
    {file = "asttokens-2.2.0.tar.gz", hash = "sha256:e27b1f115daebfafd4d1826fc75f9a72f0b74bd3ae4ee4d9380406d74d35e52c"},
]
backcall = [
    {file = "backcall-0.2.0-py2.py3-none-any.whl", hash = "sha256:fbbce6a29f263178a1f7915c1940bde0ec2b2a967566fe1c65c1dfb7422bd255"},
    {file = "backcall-0.2.0.tar.gz", hash = "sha256:5cbdbf27be5e7cfadb448baf0aa95508f91f2bbc6c6437cd9cd06e2a4c215e1e"},
]
colorama = [
    {file = "colorama-0.4.6-py2.py3-none-any.whl", hash = "sha256:4f1d9991f5acc0ca119f9d443620b77f9d6b33703e51011c16baf57afb285fc6"},
    {file = "colorama-0.4.6.tar.gz", hash = "sha256:08695f5cb7ed6e0531a20572697297273c47b8cae5a63ffc6d6ed5c201be6e44"},
]
decorator = [
    {file = "decorator-5.1.1-py3-none-any.whl", hash = "sha256:b8c3f85900b9dc423225913c5aace94729fe1fa9763b38939a95226f02d37186"},
    {file = "decorator-5.1.1.tar.gz", hash = "sha256:637996211036b6385ef91435e4fae22989472f9d571faba8927ba8253acbc330"},
]
dict-deep = [
    {file = "dict-deep-4.1.2.tar.gz", hash = "sha256:73c3bef1fc45d271f5e508e957d383fd6438510f50132559374834430bca5401"},
    {file = "dict_deep-4.1.2-py3-none-any.whl", hash = "sha256:186aeada606e251771b9e4530c1e89aed855b2ab40e7e8cca16c78bce895e2f5"},
]
executing = [
    {file = "executing-1.2.0-py2.py3-none-any.whl", hash = "sha256:0314a69e37426e3608aada02473b4161d4caf5a4b244d1d0c48072b8fee7bacc"},
    {file = "executing-1.2.0.tar.gz", hash = "sha256:19da64c18d2d851112f09c287f8d3dbbdf725ab0e569077efb6cdcbd3497c107"},
]
ipython = [
    {file = "ipython-8.7.0-py3-none-any.whl", hash = "sha256:352042ddcb019f7c04e48171b4dd78e4c4bb67bf97030d170e154aac42b656d9"},
    {file = "ipython-8.7.0.tar.gz", hash = "sha256:882899fe78d5417a0aa07f995db298fa28b58faeba2112d2e3a4c95fe14bb738"},
]
jedi = [
    {file = "jedi-0.18.2-py2.py3-none-any.whl", hash = "sha256:203c1fd9d969ab8f2119ec0a3342e0b49910045abe6af0a3ae83a5764d54639e"},
    {file = "jedi-0.18.2.tar.gz", hash = "sha256:bae794c30d07f6d910d32a7048af09b5a39ed740918da923c6b780790ebac612"},
]
matplotlib-inline = [
    {file = "matplotlib-inline-0.1.6.tar.gz", hash = "sha256:f887e5f10ba98e8d2b150ddcf4702c1e5f8b3a20005eb0f74bfdbd360ee6f304"},
    {file = "matplotlib_inline-0.1.6-py3-none-any.whl", hash = "sha256:f1f41aab5328aa5aaea9b16d083b128102f8712542f819fe7e6a420ff581b311"},
]
parso = [
    {file = "parso-0.8.3-py2.py3-none-any.whl", hash = "sha256:c001d4636cd3aecdaf33cbb40aebb59b094be2a74c556778ef5576c175e19e75"},
    {file = "parso-0.8.3.tar.gz", hash = "sha256:8c07be290bb59f03588915921e29e8a50002acaf2cdc5fa0e0114f91709fafa0"},
]
pexpect = [
    {file = "pexpect-4.8.0-py2.py3-none-any.whl", hash = "sha256:0b48a55dcb3c05f3329815901ea4fc1537514d6ba867a152b581d69ae3710937"},
    {file = "pexpect-4.8.0.tar.gz", hash = "sha256:fc65a43959d153d0114afe13997d439c22823a27cefceb5ff35c2178c6784c0c"},
]
pickleshare = [
    {file = "pickleshare-0.7.5-py2.py3-none-any.whl", hash = "sha256:9649af414d74d4df115d5d718f82acb59c9d418196b7b4290ed47a12ce62df56"},
    {file = "pickleshare-0.7.5.tar.gz", hash = "sha256:87683d47965c1da65cdacaf31c8441d12b8044cdec9aca500cd78fc2c683afca"},
]
prompt-toolkit = [
    {file = "prompt_toolkit-3.0.33-py3-none-any.whl", hash = "sha256:ced598b222f6f4029c0800cefaa6a17373fb580cd093223003475ce32805c35b"},
    {file = "prompt_toolkit-3.0.33.tar.gz", hash = "sha256:535c29c31216c77302877d5120aef6c94ff573748a5b5ca5b1b1f76f5e700c73"},
]
ptyprocess = [
    {file = "ptyprocess-0.7.0-py2.py3-none-any.whl", hash = "sha256:4b41f3967fce3af57cc7e94b888626c18bf37a083e3651ca8feeb66d492fef35"},
    {file = "ptyprocess-0.7.0.tar.gz", hash = "sha256:5c5d0a3b48ceee0b48485e0c26037c0acd7d29765ca3fbb5cb3831d347423220"},
]
pure-eval = [
    {file = "pure_eval-0.2.2-py3-none-any.whl", hash = "sha256:01eaab343580944bc56080ebe0a674b39ec44a945e6d09ba7db3cb8cec289350"},
    {file = "pure_eval-0.2.2.tar.gz", hash = "sha256:2b45320af6dfaa1750f543d714b6d1c520a1688dec6fd24d339063ce0aaa9ac3"},
]
pygments = [
    {file = "Pygments-2.13.0-py3-none-any.whl", hash = "sha256:f643f331ab57ba3c9d89212ee4a2dabc6e94f117cf4eefde99a0574720d14c42"},
    {file = "Pygments-2.13.0.tar.gz", hash = "sha256:56a8508ae95f98e2b9bdf93a6be5ae3f7d8af858b43e02c5a2ff083726be40c1"},
]
python-dotenv = [
    {file = "python-dotenv-0.21.0.tar.gz", hash = "sha256:b77d08274639e3d34145dfa6c7008e66df0f04b7be7a75fd0d5292c191d79045"},
    {file = "python_dotenv-0.21.0-py3-none-any.whl", hash = "sha256:1684eb44636dd462b66c3ee016599815514527ad99965de77f43e0944634a7e5"},
]
rtoml = [
    {file = "rtoml-0.9.0-cp310-cp310-macosx_10_7_x86_64.whl", hash = "sha256:b440445df3a5bdd30f70196305c964699fb8c6a23dfe08b9b0a822a8c3a1da00"},
    {file = "rtoml-0.9.0-cp310-cp310-macosx_11_0_arm64.whl", hash = "sha256:4e00c085841c215868b5c3d607ae7076bad4faf6cc00bf9da334c0683b2001a9"},
    {file = "rtoml-0.9.0-cp310-cp310-manylinux_2_17_aarch64.manylinux2014_aarch64.whl", hash = "sha256:d66f145fca240150d54334b1779edbc713a2b2b0547c703a9b441b94f05cec14"},
    {file = "rtoml-0.9.0-cp310-cp310-manylinux_2_17_x86_64.manylinux2014_x86_64.whl", hash = "sha256:38ed7487251aed9f118949d49e0edff2ace2f979ef7d23adf174bcb30983627a"},
    {file = "rtoml-0.9.0-cp310-cp310-manylinux_2_24_armv7l.whl", hash = "sha256:a500481c61b0babb438b1d4c0a295ba60a0c890688431db980e3209d7c093045"},
    {file = "rtoml-0.9.0-cp310-cp310-manylinux_2_5_i686.manylinux1_i686.whl", hash = "sha256:9826a25e7c274fbcfa1518f1e1c99104f10ba553b34be38dcd31b6c9d5207e47"},
    {file = "rtoml-0.9.0-cp310-cp310-musllinux_1_1_aarch64.whl", hash = "sha256:2dff4812186dff9381459d6a962e8dfd909ea8cb03f98ba28aa486b9bf8d72f8"},
    {file = "rtoml-0.9.0-cp310-cp310-musllinux_1_1_x86_64.whl", hash = "sha256:7a6088f6e77817389720ed8852ec2493b4524c96bd25f3aafe217e2a6cb29f7d"},
    {file = "rtoml-0.9.0-cp310-none-win32.whl", hash = "sha256:38362ab6123a28e2f1f88995f286b999fc6f7c27896f402ee293de2a090b305c"},
    {file = "rtoml-0.9.0-cp310-none-win_amd64.whl", hash = "sha256:f920b97df9b33c18d3857dbd4af234e2a7f3372de3cfb4c0d8514e66ffd4dfdb"},
    {file = "rtoml-0.9.0-cp311-cp311-macosx_10_7_x86_64.whl", hash = "sha256:91a25c5ab2a518b5126a52300d1a6ced0e363510e9b6e64cb36b19275083b441"},
    {file = "rtoml-0.9.0-cp311-cp311-macosx_11_0_arm64.whl", hash = "sha256:85d8abf6eb1da262a26f15d97de6ec83960172095e627dadf1ee7a32b70a367b"},
    {file = "rtoml-0.9.0-cp311-cp311-manylinux_2_17_aarch64.manylinux2014_aarch64.whl", hash = "sha256:363d41f1f69d415ced4c6be8c5feb6680c2330406ca2f0ba8ea04318857b8ca3"},
    {file = "rtoml-0.9.0-cp311-cp311-manylinux_2_17_x86_64.manylinux2014_x86_64.whl", hash = "sha256:e31bec5a3d7b56966130ba2a68be7bef608822063ff8b9a6362c5001a2a4c82b"},
    {file = "rtoml-0.9.0-cp311-cp311-manylinux_2_24_armv7l.whl", hash = "sha256:9eb42c8af0300c0e3c11057a7ace894247f3f9d265b10bedde72e1008bf09634"},
    {file = "rtoml-0.9.0-cp311-cp311-manylinux_2_5_i686.manylinux1_i686.whl", hash = "sha256:604782f36701d8b7df9b7f928e054e2a62dde828860e828377b2c8db550afb28"},
    {file = "rtoml-0.9.0-cp311-cp311-musllinux_1_1_aarch64.whl", hash = "sha256:13dc836d84fe987ddc00b6ec8683002eb53ffa59dc13d5a9ef51a1409539bea7"},
    {file = "rtoml-0.9.0-cp311-cp311-musllinux_1_1_x86_64.whl", hash = "sha256:2f4e7841ab7cbdfaa15cbc5f0b049b154a68644fa39fc27a1f72a0dc23012e40"},
    {file = "rtoml-0.9.0-cp311-none-win32.whl", hash = "sha256:9ca09643e9ffdebcbb27a095ffca86e32c3fb0a63c8788c5d40890065962eb65"},
    {file = "rtoml-0.9.0-cp311-none-win_amd64.whl", hash = "sha256:5c91c99f5646e81c677133b3740a8e6b25cbe6fbf33fefd749c85e031f7716b9"},
    {file = "rtoml-0.9.0-cp37-cp37m-macosx_10_7_x86_64.whl", hash = "sha256:9c3f0b1b6c70e7d9ef29b3b2412412f2be10b333da3aeac74c6f69961b955272"},
    {file = "rtoml-0.9.0-cp37-cp37m-macosx_11_0_arm64.whl", hash = "sha256:37c7d3903d818b2770f2ad424b1aee3c47533f1cdccb037b2a51e47a89d2de30"},
    {file = "rtoml-0.9.0-cp37-cp37m-manylinux_2_17_aarch64.manylinux2014_aarch64.whl", hash = "sha256:4a79400cde1a6d75e6f36498a3b6d86b6713bf757989ab304c1c3e6a610d0665"},
    {file = "rtoml-0.9.0-cp37-cp37m-manylinux_2_17_x86_64.manylinux2014_x86_64.whl", hash = "sha256:bb48915dc12f18dd680772f5c1f248197945ce639ca4a0897ee01878ada65411"},
    {file = "rtoml-0.9.0-cp37-cp37m-manylinux_2_24_armv7l.whl", hash = "sha256:cccac32cf08749fcf9e905e41c8cb58348fa4110459b09f49245a40553514871"},
    {file = "rtoml-0.9.0-cp37-cp37m-manylinux_2_5_i686.manylinux1_i686.whl", hash = "sha256:ba96ee3afbc2cdfe90833f9f7d789aef7d9be1911ec0cd748c786c0b8cda0b98"},
    {file = "rtoml-0.9.0-cp37-cp37m-musllinux_1_1_aarch64.whl", hash = "sha256:a78d504d0d6598655f5d01eabe2df6d458ff2f9463a3c6f85a3e96a57cb61631"},
    {file = "rtoml-0.9.0-cp37-cp37m-musllinux_1_1_x86_64.whl", hash = "sha256:e68c3a7a7388ae2dd586e3a20474908bc889fbe77809f06d46eec37c0c4b96ff"},
    {file = "rtoml-0.9.0-cp37-none-win32.whl", hash = "sha256:9fc3652e963150ace043c6797b5053c8a03341c1bd813c6d9ad7403bfa5d1138"},
    {file = "rtoml-0.9.0-cp37-none-win_amd64.whl", hash = "sha256:13ff304eb8e9be8702f8f9c7c561e5ebffcbb4e830d4ae3f2f9471d1c8a656fa"},
    {file = "rtoml-0.9.0-cp38-cp38-macosx_10_7_x86_64.whl", hash = "sha256:b99ec14d5bd8fc62a94acf1ce328d11cda1934f736d40baefdbb212333f25250"},
    {file = "rtoml-0.9.0-cp38-cp38-macosx_11_0_arm64.whl", hash = "sha256:dc02f77bc81d1ade12bd983d46a1aa1ed4bc10418de0ac81267928b49f73cc9b"},
    {file = "rtoml-0.9.0-cp38-cp38-manylinux_2_17_aarch64.manylinux2014_aarch64.whl", hash = "sha256:ba38c4efcf639ec5df271c6debd6953a53be62087fff48bd7cd239553e01d66a"},
    {file = "rtoml-0.9.0-cp38-cp38-manylinux_2_17_x86_64.manylinux2014_x86_64.whl", hash = "sha256:e1f2c8aa5c07c1b8886e27d34332e5be7e3b658d6a8d5f55227ff1e4014ac87f"},
    {file = "rtoml-0.9.0-cp38-cp38-manylinux_2_24_armv7l.whl", hash = "sha256:3b02257049dac81b0a7e333e7c35477939c016b39b444f849473650dd7c52410"},
    {file = "rtoml-0.9.0-cp38-cp38-manylinux_2_5_i686.manylinux1_i686.whl", hash = "sha256:d6a95c1dcdb0dbb340fc67b35ef86a07f01ef4842d6bbcb883dcfefef87ac106"},
    {file = "rtoml-0.9.0-cp38-cp38-musllinux_1_1_aarch64.whl", hash = "sha256:449701954ded52d885ac2f9f79b503c5aa1e2c6e7f0f6100ad4f46262c82dd66"},
    {file = "rtoml-0.9.0-cp38-cp38-musllinux_1_1_x86_64.whl", hash = "sha256:9591699c1231dd9e615ec1b27933f1a4d8b8f57841e62d1f2aa109150da941ea"},
    {file = "rtoml-0.9.0-cp38-none-win32.whl", hash = "sha256:352fb220615c0904d77bf719c7f7e066dcf5a10ba118dc6cea8809424f858dad"},
    {file = "rtoml-0.9.0-cp38-none-win_amd64.whl", hash = "sha256:f780f90e3305b5e961dcc8f00c0d3bfa023d7626d64e8fa15c91f9ed6be6d10a"},
    {file = "rtoml-0.9.0-cp39-cp39-macosx_10_7_x86_64.whl", hash = "sha256:39e377e075af4f33a1c60cafdedcb02d7a4d7bf241e6c0bf76998c10ffc8222a"},
    {file = "rtoml-0.9.0-cp39-cp39-macosx_11_0_arm64.whl", hash = "sha256:afead84d80f835a5d6194faf1cdae9ebee092dac68f25a69a8fecc0dc26d1720"},
    {file = "rtoml-0.9.0-cp39-cp39-manylinux_2_17_aarch64.manylinux2014_aarch64.whl", hash = "sha256:2c3973f1d22450d5eb3abad65f9c30167c8f6ce475615a9a6364903476b68b56"},
    {file = "rtoml-0.9.0-cp39-cp39-manylinux_2_17_x86_64.manylinux2014_x86_64.whl", hash = "sha256:7ea08ba5fc9a03a50e1e783266ff5b84fc81b3af5bf77cb5f190b5a516b53810"},
    {file = "rtoml-0.9.0-cp39-cp39-manylinux_2_24_armv7l.whl", hash = "sha256:ada33f7fc46b24f20e0219b659f3de15c09ea7209657e43770e2f5f0e95ab6ec"},
    {file = "rtoml-0.9.0-cp39-cp39-manylinux_2_5_i686.manylinux1_i686.whl", hash = "sha256:f4cba47bf407642214a4aea349e91699ea67c6c07ebfa4412a2383837d295ccc"},
    {file = "rtoml-0.9.0-cp39-cp39-musllinux_1_1_aarch64.whl", hash = "sha256:9f1ab9638aba4027e7cf007dd7f5d497b1bd6b643a7c24bbc09bba76843fa779"},
    {file = "rtoml-0.9.0-cp39-cp39-musllinux_1_1_x86_64.whl", hash = "sha256:b43f61df97a74a4ebc216d9fdcefb1c631bfa98265655fcc0950fbe206054e8b"},
    {file = "rtoml-0.9.0-cp39-none-win32.whl", hash = "sha256:0eea8963824eb4be5d41c11a2e5dd51c6149f5274f015012f53dd82bf146a16b"},
    {file = "rtoml-0.9.0-cp39-none-win_amd64.whl", hash = "sha256:c539af5d88056a4d53a1f9067fee97bf6015edbb8e82fbde6ba96e19a1b41645"},
    {file = "rtoml-0.9.0.tar.gz", hash = "sha256:113f2e133d152d9424269c475b4a7d0679987078b543e88fcb16c870dc2c460d"},
]
six = [
    {file = "six-1.16.0-py2.py3-none-any.whl", hash = "sha256:8abb2f1d86890a2dfb989f9a77cfcfd3e47c2a354b01111771326f8aa26e0254"},
    {file = "six-1.16.0.tar.gz", hash = "sha256:1e61c37477a1626458e36f7b1d82aa5c9b094fa4802892072e49de9c60c4c926"},
]
stack-data = [
    {file = "stack_data-0.6.2-py3-none-any.whl", hash = "sha256:cbb2a53eb64e5785878201a97ed7c7b94883f48b87bfb0bbe8b623c74679e4a8"},
    {file = "stack_data-0.6.2.tar.gz", hash = "sha256:32d2dd0376772d01b6cb9fc996f3c8b57a357089dec328ed4b6553d037eaf815"},
]
traitlets = [
    {file = "traitlets-5.6.0-py3-none-any.whl", hash = "sha256:1410755385d778aed847d68deb99b3ba30fbbf489e17a1e8cbb753060d5cce73"},
    {file = "traitlets-5.6.0.tar.gz", hash = "sha256:10b6ed1c9cedee83e795db70a8b9c2db157bb3778ec4587a349ecb7ef3b1033b"},
]
wcwidth = [
    {file = "wcwidth-0.2.5-py2.py3-none-any.whl", hash = "sha256:beb4802a9cebb9144e99086eff703a642a13d6a0052920003a230f3294bbe784"},
    {file = "wcwidth-0.2.5.tar.gz", hash = "sha256:c4d647b99872929fdb7bdcaa4fbe7f01413ed3d98077df798530e5b04f116c83"},
]
